{
  "originHash" : "6c48922535891b3f60095ca43828c01d926cd635d96d4a8fbd560fbf82230c2b",
  "pins" : [
    {
      "identity" : "phonenumberkit",
      "kind" : "remoteSourceControl",
      "location" : "https://github.com/marmelroy/PhoneNumberKit",
      "state" : {
        "revision" : "288b99e9e99926bc8be41220802df83c059fac9b",
        "version" : "4.0.2"
      }
    }
  ],
  "version" : 3
}
